// !$*UTF8*$!
{
	archiveVersion = 1;
	classes = {
	};
	objectVersion = 46;
	objects = {

/* Begin PBXBuildFile section */
		412DAF2918E99E4A00A31112 /* LAbstractViewController.m in Sources */ = {isa = PBXBuildFile; fileRef = 412DAF2818E99E4A00A31112 /* LAbstractViewController.m */; };
		412DAF2D18E99E7600A31112 /* LAbstractCDViewController.m in Sources */ = {isa = PBXBuildFile; fileRef = 412DAF2C18E99E7600A31112 /* LAbstractCDViewController.m */; };
		412DAF3418E99F0100A31112 /* LReachabilityController.m in Sources */ = {isa = PBXBuildFile; fileRef = 412DAF3018E99F0100A31112 /* LReachabilityController.m */; };
		412DAF3918E99F3E00A31112 /* Reachability.m in Sources */ = {isa = PBXBuildFile; fileRef = 412DAF3818E99F3E00A31112 /* Reachability.m */; };
		41DCE30B18DB835A00EFFF5C /* Default-568h@2x.png in Resources */ = {isa = PBXBuildFile; fileRef = 41DCE30A18DB835A00EFFF5C /* Default-568h@2x.png */; };
		41F90001189105B600E20929 /* CoreData.framework in Frameworks */ = {isa = PBXBuildFile; fileRef = 41F90000189105B600E20929 /* CoreData.framework */; };
		41F900FE1891074E00E20929 /* LCDDataSource.xcdatamodeld in Sources */ = {isa = PBXBuildFile; fileRef = 41F900A91891074E00E20929 /* LCDDataSource.xcdatamodeld */; };
		41F900FF1891074E00E20929 /* main.m in Sources */ = {isa = PBXBuildFile; fileRef = 41F900AB1891074E00E20929 /* main.m */; };
		41F901001891074E00E20929 /* ASIAuthenticationDialog.m in Sources */ = {isa = PBXBuildFile; fileRef = 41F900B01891074E00E20929 /* ASIAuthenticationDialog.m */; settings = {COMPILER_FLAGS = "-fno-objc-arc"; }; };
		41F901011891074E00E20929 /* ASIDataCompressor.m in Sources */ = {isa = PBXBuildFile; fileRef = 41F900B31891074E00E20929 /* ASIDataCompressor.m */; settings = {COMPILER_FLAGS = "-fno-objc-arc"; }; };
		41F901021891074E00E20929 /* ASIDataDecompressor.m in Sources */ = {isa = PBXBuildFile; fileRef = 41F900B51891074E00E20929 /* ASIDataDecompressor.m */; settings = {COMPILER_FLAGS = "-fno-objc-arc"; }; };
		41F901031891074E00E20929 /* ASIDownloadCache.m in Sources */ = {isa = PBXBuildFile; fileRef = 41F900B71891074E00E20929 /* ASIDownloadCache.m */; settings = {COMPILER_FLAGS = "-fno-objc-arc"; }; };
		41F901041891074E00E20929 /* ASIFormDataRequest.m in Sources */ = {isa = PBXBuildFile; fileRef = 41F900B91891074E00E20929 /* ASIFormDataRequest.m */; settings = {COMPILER_FLAGS = "-fno-objc-arc"; }; };
		41F901051891074E00E20929 /* ASIHTTPRequest.m in Sources */ = {isa = PBXBuildFile; fileRef = 41F900BB1891074E00E20929 /* ASIHTTPRequest.m */; settings = {COMPILER_FLAGS = "-fno-objc-arc"; }; };
		41F901061891074F00E20929 /* ASIInputStream.m in Sources */ = {isa = PBXBuildFile; fileRef = 41F900BF1891074E00E20929 /* ASIInputStream.m */; settings = {COMPILER_FLAGS = "-fno-objc-arc"; }; };
		41F901071891074F00E20929 /* ASINetworkQueue.m in Sources */ = {isa = PBXBuildFile; fileRef = 41F900C11891074E00E20929 /* ASINetworkQueue.m */; settings = {COMPILER_FLAGS = "-fno-objc-arc"; }; };
		41F9010A1891074F00E20929 /* NSManagedObject+L.m in Sources */ = {isa = PBXBuildFile; fileRef = 41F900C91891074E00E20929 /* NSManagedObject+L.m */; };
		41F9010B1891074F00E20929 /* NSManagedObjectContext+L.m in Sources */ = {isa = PBXBuildFile; fileRef = 41F900CB1891074E00E20929 /* NSManagedObjectContext+L.m */; };
		41F9010C1891074F00E20929 /* LAbstractASICDDataSource.m in Sources */ = {isa = PBXBuildFile; fileRef = 41F900CE1891074E00E20929 /* LAbstractASICDDataSource.m */; };
		41F9010D1891074F00E20929 /* LAbstractCDParser.m in Sources */ = {isa = PBXBuildFile; fileRef = 41F900D21891074E00E20929 /* LAbstractCDParser.m */; };
		41F901101891074F00E20929 /* LCoreDataController.m in Sources */ = {isa = PBXBuildFile; fileRef = 41F900DB1891074E00E20929 /* LCoreDataController.m */; };
		41F901111891074F00E20929 /* MBProgressHUD.m in Sources */ = {isa = PBXBuildFile; fileRef = 41F900DE1891074E00E20929 /* MBProgressHUD.m */; };
		41F901121891074F00E20929 /* AppDelegate.m in Sources */ = {isa = PBXBuildFile; fileRef = 41F900E21891074E00E20929 /* AppDelegate.m */; };
		41F901131891074F00E20929 /* ContactDetailsViewController.m in Sources */ = {isa = PBXBuildFile; fileRef = 41F900E61891074E00E20929 /* ContactDetailsViewController.m */; };
		41F901141891074F00E20929 /* ContactDetailsViewController.xib in Resources */ = {isa = PBXBuildFile; fileRef = 41F900E71891074E00E20929 /* ContactDetailsViewController.xib */; };
		41F901151891074F00E20929 /* ContactsViewController.m in Sources */ = {isa = PBXBuildFile; fileRef = 41F900E91891074E00E20929 /* ContactsViewController.m */; };
		41F901161891074F00E20929 /* ContactsViewController.xib in Resources */ = {isa = PBXBuildFile; fileRef = 41F900EA1891074E00E20929 /* ContactsViewController.xib */; };
		41F901171891074F00E20929 /* ContactsDataSource.m in Sources */ = {isa = PBXBuildFile; fileRef = 41F900ED1891074E00E20929 /* ContactsDataSource.m */; };
		41F901181891074F00E20929 /* ContactsParser.m in Sources */ = {isa = PBXBuildFile; fileRef = 41F900EF1891074E00E20929 /* ContactsParser.m */; };
		41F901191891074F00E20929 /* HomeViewController.m in Sources */ = {isa = PBXBuildFile; fileRef = 41F900F41891074E00E20929 /* HomeViewController.m */; };
		41F9011A1891074F00E20929 /* HomeViewController.xib in Resources */ = {isa = PBXBuildFile; fileRef = 41F900F51891074E00E20929 /* HomeViewController.xib */; };
		41F9011B1891074F00E20929 /* Contact+CD.m in Sources */ = {isa = PBXBuildFile; fileRef = 41F900FA1891074E00E20929 /* Contact+CD.m */; };
		41F9011C1891074F00E20929 /* Contact.m in Sources */ = {isa = PBXBuildFile; fileRef = 41F900FC1891074E00E20929 /* Contact.m */; };
		41F9011E1891089800E20929 /* libz.1.2.5.dylib in Frameworks */ = {isa = PBXBuildFile; fileRef = 41F9011D1891089800E20929 /* libz.1.2.5.dylib */; };
		41F90120189108A200E20929 /* SystemConfiguration.framework in Frameworks */ = {isa = PBXBuildFile; fileRef = 41F9011F189108A200E20929 /* SystemConfiguration.framework */; };
		41F90122189108AA00E20929 /* MobileCoreServices.framework in Frameworks */ = {isa = PBXBuildFile; fileRef = 41F90121189108AA00E20929 /* MobileCoreServices.framework */; };
		41F9FFFB189105B600E20929 /* Foundation.framework in Frameworks */ = {isa = PBXBuildFile; fileRef = 41F9FFFA189105B600E20929 /* Foundation.framework */; };
		41F9FFFD189105B600E20929 /* CoreGraphics.framework in Frameworks */ = {isa = PBXBuildFile; fileRef = 41F9FFFC189105B600E20929 /* CoreGraphics.framework */; };
		41F9FFFF189105B600E20929 /* UIKit.framework in Frameworks */ = {isa = PBXBuildFile; fileRef = 41F9FFFE189105B600E20929 /* UIKit.framework */; };
/* End PBXBuildFile section */

/* Begin PBXFileReference section */
		412DAF2718E99E4A00A31112 /* LAbstractViewController.h */ = {isa = PBXFileReference; fileEncoding = 4; lastKnownFileType = sourcecode.c.h; path = LAbstractViewController.h; sourceTree = "<group>"; };
		412DAF2818E99E4A00A31112 /* LAbstractViewController.m */ = {isa = PBXFileReference; fileEncoding = 4; lastKnownFileType = sourcecode.c.objc; path = LAbstractViewController.m; sourceTree = "<group>"; };
		412DAF2B18E99E7600A31112 /* LAbstractCDViewController.h */ = {isa = PBXFileReference; fileEncoding = 4; lastKnownFileType = sourcecode.c.h; path = LAbstractCDViewController.h; sourceTree = "<group>"; };
		412DAF2C18E99E7600A31112 /* LAbstractCDViewController.m */ = {isa = PBXFileReference; fileEncoding = 4; lastKnownFileType = sourcecode.c.objc; path = LAbstractCDViewController.m; sourceTree = "<group>"; };
		412DAF2F18E99F0100A31112 /* LReachabilityController.h */ = {isa = PBXFileReference; fileEncoding = 4; lastKnownFileType = sourcecode.c.h; path = LReachabilityController.h; sourceTree = "<group>"; };
		412DAF3018E99F0100A31112 /* LReachabilityController.m */ = {isa = PBXFileReference; fileEncoding = 4; lastKnownFileType = sourcecode.c.objc; path = LReachabilityController.m; sourceTree = "<group>"; };
		412DAF3718E99F3E00A31112 /* Reachability.h */ = {isa = PBXFileReference; fileEncoding = 4; lastKnownFileType = sourcecode.c.h; path = Reachability.h; sourceTree = "<group>"; };
		412DAF3818E99F3E00A31112 /* Reachability.m */ = {isa = PBXFileReference; fileEncoding = 4; lastKnownFileType = sourcecode.c.objc; path = Reachability.m; sourceTree = "<group>"; };
		41DCE30A18DB835A00EFFF5C /* Default-568h@2x.png */ = {isa = PBXFileReference; lastKnownFileType = image.png; path = "Default-568h@2x.png"; sourceTree = "<group>"; };
		41F90000189105B600E20929 /* CoreData.framework */ = {isa = PBXFileReference; lastKnownFileType = wrapper.framework; name = CoreData.framework; path = System/Library/Frameworks/CoreData.framework; sourceTree = SDKROOT; };
		41F90018189105B600E20929 /* XCTest.framework */ = {isa = PBXFileReference; lastKnownFileType = wrapper.framework; name = XCTest.framework; path = Library/Frameworks/XCTest.framework; sourceTree = DEVELOPER_DIR; };
		41F900A71891074E00E20929 /* LCDDataSource-Info.plist */ = {isa = PBXFileReference; fileEncoding = 4; lastKnownFileType = text.plist.xml; path = "LCDDataSource-Info.plist"; sourceTree = "<group>"; };
		41F900A81891074E00E20929 /* LCDDataSource-Prefix.pch */ = {isa = PBXFileReference; fileEncoding = 4; lastKnownFileType = sourcecode.c.h; path = "LCDDataSource-Prefix.pch"; sourceTree = "<group>"; };
		41F900AA1891074E00E20929 /* LCDDataSource.xcdatamodel */ = {isa = PBXFileReference; lastKnownFileType = wrapper.xcdatamodel; path = LCDDataSource.xcdatamodel; sourceTree = "<group>"; };
		41F900AB1891074E00E20929 /* main.m */ = {isa = PBXFileReference; fileEncoding = 4; lastKnownFileType = sourcecode.c.objc; path = main.m; sourceTree = "<group>"; };
		41F900AF1891074E00E20929 /* ASIAuthenticationDialog.h */ = {isa = PBXFileReference; fileEncoding = 4; lastKnownFileType = sourcecode.c.h; path = ASIAuthenticationDialog.h; sourceTree = "<group>"; };
		41F900B01891074E00E20929 /* ASIAuthenticationDialog.m */ = {isa = PBXFileReference; fileEncoding = 4; lastKnownFileType = sourcecode.c.objc; path = ASIAuthenticationDialog.m; sourceTree = "<group>"; };
		41F900B11891074E00E20929 /* ASICacheDelegate.h */ = {isa = PBXFileReference; fileEncoding = 4; lastKnownFileType = sourcecode.c.h; path = ASICacheDelegate.h; sourceTree = "<group>"; };
		41F900B21891074E00E20929 /* ASIDataCompressor.h */ = {isa = PBXFileReference; fileEncoding = 4; lastKnownFileType = sourcecode.c.h; path = ASIDataCompressor.h; sourceTree = "<group>"; };
		41F900B31891074E00E20929 /* ASIDataCompressor.m */ = {isa = PBXFileReference; fileEncoding = 4; lastKnownFileType = sourcecode.c.objc; path = ASIDataCompressor.m; sourceTree = "<group>"; };
		41F900B41891074E00E20929 /* ASIDataDecompressor.h */ = {isa = PBXFileReference; fileEncoding = 4; lastKnownFileType = sourcecode.c.h; path = ASIDataDecompressor.h; sourceTree = "<group>"; };
		41F900B51891074E00E20929 /* ASIDataDecompressor.m */ = {isa = PBXFileReference; fileEncoding = 4; lastKnownFileType = sourcecode.c.objc; path = ASIDataDecompressor.m; sourceTree = "<group>"; };
		41F900B61891074E00E20929 /* ASIDownloadCache.h */ = {isa = PBXFileReference; fileEncoding = 4; lastKnownFileType = sourcecode.c.h; path = ASIDownloadCache.h; sourceTree = "<group>"; };
		41F900B71891074E00E20929 /* ASIDownloadCache.m */ = {isa = PBXFileReference; fileEncoding = 4; lastKnownFileType = sourcecode.c.objc; path = ASIDownloadCache.m; sourceTree = "<group>"; };
		41F900B81891074E00E20929 /* ASIFormDataRequest.h */ = {isa = PBXFileReference; fileEncoding = 4; lastKnownFileType = sourcecode.c.h; path = ASIFormDataRequest.h; sourceTree = "<group>"; };
		41F900B91891074E00E20929 /* ASIFormDataRequest.m */ = {isa = PBXFileReference; fileEncoding = 4; lastKnownFileType = sourcecode.c.objc; path = ASIFormDataRequest.m; sourceTree = "<group>"; };
		41F900BA1891074E00E20929 /* ASIHTTPRequest.h */ = {isa = PBXFileReference; fileEncoding = 4; lastKnownFileType = sourcecode.c.h; path = ASIHTTPRequest.h; sourceTree = "<group>"; };
		41F900BB1891074E00E20929 /* ASIHTTPRequest.m */ = {isa = PBXFileReference; fileEncoding = 4; lastKnownFileType = sourcecode.c.objc; path = ASIHTTPRequest.m; sourceTree = "<group>"; };
		41F900BC1891074E00E20929 /* ASIHTTPRequestConfig.h */ = {isa = PBXFileReference; fileEncoding = 4; lastKnownFileType = sourcecode.c.h; path = ASIHTTPRequestConfig.h; sourceTree = "<group>"; };
		41F900BD1891074E00E20929 /* ASIHTTPRequestDelegate.h */ = {isa = PBXFileReference; fileEncoding = 4; lastKnownFileType = sourcecode.c.h; path = ASIHTTPRequestDelegate.h; sourceTree = "<group>"; };
		41F900BE1891074E00E20929 /* ASIInputStream.h */ = {isa = PBXFileReference; fileEncoding = 4; lastKnownFileType = sourcecode.c.h; path = ASIInputStream.h; sourceTree = "<group>"; };
		41F900BF1891074E00E20929 /* ASIInputStream.m */ = {isa = PBXFileReference; fileEncoding = 4; lastKnownFileType = sourcecode.c.objc; path = ASIInputStream.m; sourceTree = "<group>"; };
		41F900C01891074E00E20929 /* ASINetworkQueue.h */ = {isa = PBXFileReference; fileEncoding = 4; lastKnownFileType = sourcecode.c.h; path = ASINetworkQueue.h; sourceTree = "<group>"; };
		41F900C11891074E00E20929 /* ASINetworkQueue.m */ = {isa = PBXFileReference; fileEncoding = 4; lastKnownFileType = sourcecode.c.objc; path = ASINetworkQueue.m; sourceTree = "<group>"; };
		41F900C21891074E00E20929 /* ASIProgressDelegate.h */ = {isa = PBXFileReference; fileEncoding = 4; lastKnownFileType = sourcecode.c.h; path = ASIProgressDelegate.h; sourceTree = "<group>"; };
		41F900C81891074E00E20929 /* NSManagedObject+L.h */ = {isa = PBXFileReference; fileEncoding = 4; lastKnownFileType = sourcecode.c.h; path = "NSManagedObject+L.h"; sourceTree = "<group>"; };
		41F900C91891074E00E20929 /* NSManagedObject+L.m */ = {isa = PBXFileReference; fileEncoding = 4; lastKnownFileType = sourcecode.c.objc; path = "NSManagedObject+L.m"; sourceTree = "<group>"; };
		41F900CA1891074E00E20929 /* NSManagedObjectContext+L.h */ = {isa = PBXFileReference; fileEncoding = 4; lastKnownFileType = sourcecode.c.h; path = "NSManagedObjectContext+L.h"; sourceTree = "<group>"; };
		41F900CB1891074E00E20929 /* NSManagedObjectContext+L.m */ = {isa = PBXFileReference; fileEncoding = 4; lastKnownFileType = sourcecode.c.objc; path = "NSManagedObjectContext+L.m"; sourceTree = "<group>"; };
		41F900CD1891074E00E20929 /* LAbstractASICDDataSource.h */ = {isa = PBXFileReference; fileEncoding = 4; lastKnownFileType = sourcecode.c.h; path = LAbstractASICDDataSource.h; sourceTree = "<group>"; };
		41F900CE1891074E00E20929 /* LAbstractASICDDataSource.m */ = {isa = PBXFileReference; fileEncoding = 4; lastKnownFileType = sourcecode.c.objc; path = LAbstractASICDDataSource.m; sourceTree = "<group>"; };
		41F900CF1891074E00E20929 /* LCDParserInterface.h */ = {isa = PBXFileReference; fileEncoding = 4; lastKnownFileType = sourcecode.c.h; path = LCDParserInterface.h; sourceTree = "<group>"; };
		41F900D11891074E00E20929 /* LAbstractCDParser.h */ = {isa = PBXFileReference; fileEncoding = 4; lastKnownFileType = sourcecode.c.h; path = LAbstractCDParser.h; sourceTree = "<group>"; };
		41F900D21891074E00E20929 /* LAbstractCDParser.m */ = {isa = PBXFileReference; fileEncoding = 4; lastKnownFileType = sourcecode.c.objc; path = LAbstractCDParser.m; sourceTree = "<group>"; };
		41F900DA1891074E00E20929 /* LCoreDataController.h */ = {isa = PBXFileReference; fileEncoding = 4; lastKnownFileType = sourcecode.c.h; path = LCoreDataController.h; sourceTree = "<group>"; };
		41F900DB1891074E00E20929 /* LCoreDataController.m */ = {isa = PBXFileReference; fileEncoding = 4; lastKnownFileType = sourcecode.c.objc; path = LCoreDataController.m; sourceTree = "<group>"; };
		41F900DD1891074E00E20929 /* MBProgressHUD.h */ = {isa = PBXFileReference; fileEncoding = 4; lastKnownFileType = sourcecode.c.h; path = MBProgressHUD.h; sourceTree = "<group>"; };
		41F900DE1891074E00E20929 /* MBProgressHUD.m */ = {isa = PBXFileReference; fileEncoding = 4; lastKnownFileType = sourcecode.c.objc; path = MBProgressHUD.m; sourceTree = "<group>"; };
		41F900E11891074E00E20929 /* AppDelegate.h */ = {isa = PBXFileReference; fileEncoding = 4; lastKnownFileType = sourcecode.c.h; path = AppDelegate.h; sourceTree = "<group>"; };
		41F900E21891074E00E20929 /* AppDelegate.m */ = {isa = PBXFileReference; fileEncoding = 4; lastKnownFileType = sourcecode.c.objc; path = AppDelegate.m; sourceTree = "<group>"; };
		41F900E51891074E00E20929 /* ContactDetailsViewController.h */ = {isa = PBXFileReference; fileEncoding = 4; lastKnownFileType = sourcecode.c.h; path = ContactDetailsViewController.h; sourceTree = "<group>"; };
		41F900E61891074E00E20929 /* ContactDetailsViewController.m */ = {isa = PBXFileReference; fileEncoding = 4; lastKnownFileType = sourcecode.c.objc; path = ContactDetailsViewController.m; sourceTree = "<group>"; };
		41F900E71891074E00E20929 /* ContactDetailsViewController.xib */ = {isa = PBXFileReference; fileEncoding = 4; lastKnownFileType = file.xib; path = ContactDetailsViewController.xib; sourceTree = "<group>"; };
		41F900E81891074E00E20929 /* ContactsViewController.h */ = {isa = PBXFileReference; fileEncoding = 4; lastKnownFileType = sourcecode.c.h; path = ContactsViewController.h; sourceTree = "<group>"; };
		41F900E91891074E00E20929 /* ContactsViewController.m */ = {isa = PBXFileReference; fileEncoding = 4; lastKnownFileType = sourcecode.c.objc; path = ContactsViewController.m; sourceTree = "<group>"; };
		41F900EA1891074E00E20929 /* ContactsViewController.xib */ = {isa = PBXFileReference; fileEncoding = 4; lastKnownFileType = file.xib; path = ContactsViewController.xib; sourceTree = "<group>"; };
		41F900EC1891074E00E20929 /* ContactsDataSource.h */ = {isa = PBXFileReference; fileEncoding = 4; lastKnownFileType = sourcecode.c.h; path = ContactsDataSource.h; sourceTree = "<group>"; };
		41F900ED1891074E00E20929 /* ContactsDataSource.m */ = {isa = PBXFileReference; fileEncoding = 4; lastKnownFileType = sourcecode.c.objc; path = ContactsDataSource.m; sourceTree = "<group>"; };
		41F900EE1891074E00E20929 /* ContactsParser.h */ = {isa = PBXFileReference; fileEncoding = 4; lastKnownFileType = sourcecode.c.h; path = ContactsParser.h; sourceTree = "<group>"; };
		41F900EF1891074E00E20929 /* ContactsParser.m */ = {isa = PBXFileReference; fileEncoding = 4; lastKnownFileType = sourcecode.c.objc; path = ContactsParser.m; sourceTree = "<group>"; };
		41F900F31891074E00E20929 /* HomeViewController.h */ = {isa = PBXFileReference; fileEncoding = 4; lastKnownFileType = sourcecode.c.h; path = HomeViewController.h; sourceTree = "<group>"; };
		41F900F41891074E00E20929 /* HomeViewController.m */ = {isa = PBXFileReference; fileEncoding = 4; lastKnownFileType = sourcecode.c.objc; path = HomeViewController.m; sourceTree = "<group>"; };
		41F900F51891074E00E20929 /* HomeViewController.xib */ = {isa = PBXFileReference; fileEncoding = 4; lastKnownFileType = file.xib; path = HomeViewController.xib; sourceTree = "<group>"; };
		41F900F91891074E00E20929 /* Contact+CD.h */ = {isa = PBXFileReference; fileEncoding = 4; lastKnownFileType = sourcecode.c.h; path = "Contact+CD.h"; sourceTree = "<group>"; };
		41F900FA1891074E00E20929 /* Contact+CD.m */ = {isa = PBXFileReference; fileEncoding = 4; lastKnownFileType = sourcecode.c.objc; path = "Contact+CD.m"; sourceTree = "<group>"; };
		41F900FB1891074E00E20929 /* Contact.h */ = {isa = PBXFileReference; fileEncoding = 4; lastKnownFileType = sourcecode.c.h; path = Contact.h; sourceTree = "<group>"; };
		41F900FC1891074E00E20929 /* Contact.m */ = {isa = PBXFileReference; fileEncoding = 4; lastKnownFileType = sourcecode.c.objc; path = Contact.m; sourceTree = "<group>"; };
		41F9011D1891089800E20929 /* libz.1.2.5.dylib */ = {isa = PBXFileReference; lastKnownFileType = "compiled.mach-o.dylib"; name = libz.1.2.5.dylib; path = usr/lib/libz.1.2.5.dylib; sourceTree = SDKROOT; };
		41F9011F189108A200E20929 /* SystemConfiguration.framework */ = {isa = PBXFileReference; lastKnownFileType = wrapper.framework; name = SystemConfiguration.framework; path = System/Library/Frameworks/SystemConfiguration.framework; sourceTree = SDKROOT; };
		41F90121189108AA00E20929 /* MobileCoreServices.framework */ = {isa = PBXFileReference; lastKnownFileType = wrapper.framework; name = MobileCoreServices.framework; path = System/Library/Frameworks/MobileCoreServices.framework; sourceTree = SDKROOT; };
		41F9FFF7189105B600E20929 /* LCDDataSource.app */ = {isa = PBXFileReference; explicitFileType = wrapper.application; includeInIndex = 0; path = LCDDataSource.app; sourceTree = BUILT_PRODUCTS_DIR; };
		41F9FFFA189105B600E20929 /* Foundation.framework */ = {isa = PBXFileReference; lastKnownFileType = wrapper.framework; name = Foundation.framework; path = System/Library/Frameworks/Foundation.framework; sourceTree = SDKROOT; };
		41F9FFFC189105B600E20929 /* CoreGraphics.framework */ = {isa = PBXFileReference; lastKnownFileType = wrapper.framework; name = CoreGraphics.framework; path = System/Library/Frameworks/CoreGraphics.framework; sourceTree = SDKROOT; };
		41F9FFFE189105B600E20929 /* UIKit.framework */ = {isa = PBXFileReference; lastKnownFileType = wrapper.framework; name = UIKit.framework; path = System/Library/Frameworks/UIKit.framework; sourceTree = SDKROOT; };
/* End PBXFileReference section */

/* Begin PBXFrameworksBuildPhase section */
		41F9FFF4189105B600E20929 /* Frameworks */ = {
			isa = PBXFrameworksBuildPhase;
			buildActionMask = 2147483647;
			files = (
				41F90001189105B600E20929 /* CoreData.framework in Frameworks */,
				41F90122189108AA00E20929 /* MobileCoreServices.framework in Frameworks */,
				41F90120189108A200E20929 /* SystemConfiguration.framework in Frameworks */,
				41F9011E1891089800E20929 /* libz.1.2.5.dylib in Frameworks */,
				41F9FFFD189105B600E20929 /* CoreGraphics.framework in Frameworks */,
				41F9FFFF189105B600E20929 /* UIKit.framework in Frameworks */,
				41F9FFFB189105B600E20929 /* Foundation.framework in Frameworks */,
			);
			runOnlyForDeploymentPostprocessing = 0;
		};
/* End PBXFrameworksBuildPhase section */

/* Begin PBXGroup section */
		412DAF2518E99E3B00A31112 /* External */ = {
			isa = PBXGroup;
			children = (
				412DAF3618E99F3E00A31112 /* Reachability */,
				412DAF2E18E99F0100A31112 /* LReachabilityController */,
				412DAF2618E99E4A00A31112 /* LAbstractViewController */,
			);
			name = External;
			sourceTree = "<group>";
		};
		412DAF2618E99E4A00A31112 /* LAbstractViewController */ = {
			isa = PBXGroup;
			children = (
				412DAF2718E99E4A00A31112 /* LAbstractViewController.h */,
				412DAF2818E99E4A00A31112 /* LAbstractViewController.m */,
			);
			name = LAbstractViewController;
			path = External/LAbstractViewController/LAbstractViewController/Classes/Core/LAbstractViewController;
			sourceTree = "<group>";
		};
		412DAF2A18E99E7600A31112 /* LAbstractCDViewController */ = {
			isa = PBXGroup;
			children = (
				412DAF2B18E99E7600A31112 /* LAbstractCDViewController.h */,
				412DAF2C18E99E7600A31112 /* LAbstractCDViewController.m */,
			);
			path = LAbstractCDViewController;
			sourceTree = "<group>";
		};
		412DAF2E18E99F0100A31112 /* LReachabilityController */ = {
			isa = PBXGroup;
			children = (
				412DAF2F18E99F0100A31112 /* LReachabilityController.h */,
				412DAF3018E99F0100A31112 /* LReachabilityController.m */,
			);
			name = LReachabilityController;
			path = External/LReachabilityController/LReachabilityController/Classes/Core/LReachabilityController;
			sourceTree = "<group>";
		};
		412DAF3618E99F3E00A31112 /* Reachability */ = {
			isa = PBXGroup;
			children = (
				412DAF3718E99F3E00A31112 /* Reachability.h */,
				412DAF3818E99F3E00A31112 /* Reachability.m */,
			);
			name = Reachability;
			path = External/LReachabilityController/LReachabilityController/Classes/Core/Reachability;
			sourceTree = "<group>";
		};
		41F90002189105B600E20929 /* LCDDataSource */ = {
			isa = PBXGroup;
			children = (
				412DAF2518E99E3B00A31112 /* External */,
				41F900AC1891074E00E20929 /* Classes */,
				41F900A61891074E00E20929 /* Supporting Files */,
			);
			path = LCDDataSource;
			sourceTree = "<group>";
		};
		41F900A61891074E00E20929 /* Supporting Files */ = {
			isa = PBXGroup;
			children = (
				41DCE30A18DB835A00EFFF5C /* Default-568h@2x.png */,
				41F900A71891074E00E20929 /* LCDDataSource-Info.plist */,
				41F900A81891074E00E20929 /* LCDDataSource-Prefix.pch */,
				41F900A91891074E00E20929 /* LCDDataSource.xcdatamodeld */,
				41F900AB1891074E00E20929 /* main.m */,
			);
			path = "Supporting Files";
			sourceTree = "<group>";
		};
		41F900AC1891074E00E20929 /* Classes */ = {
			isa = PBXGroup;
			children = (
				41F900AD1891074E00E20929 /* Core */,
				41F900DF1891074E00E20929 /* Other */,
			);
			path = Classes;
			sourceTree = "<group>";
		};
		41F900AD1891074E00E20929 /* Core */ = {
			isa = PBXGroup;
			children = (
				412DAF2A18E99E7600A31112 /* LAbstractCDViewController */,
				41F900AE1891074E00E20929 /* ASIHTTPRequest */,
				41F900C51891074E00E20929 /* ClassExtensions */,
				41F900CC1891074E00E20929 /* LAbstractASICDDataSource */,
				41F900D01891074E00E20929 /* LAbstractCDParser */,
				41F900D91891074E00E20929 /* LCoreDataController */,
				41F900DC1891074E00E20929 /* MBProgressHUD */,
			);
			path = Core;
			sourceTree = "<group>";
		};
		41F900AE1891074E00E20929 /* ASIHTTPRequest */ = {
			isa = PBXGroup;
			children = (
				41F900AF1891074E00E20929 /* ASIAuthenticationDialog.h */,
				41F900B01891074E00E20929 /* ASIAuthenticationDialog.m */,
				41F900B11891074E00E20929 /* ASICacheDelegate.h */,
				41F900B21891074E00E20929 /* ASIDataCompressor.h */,
				41F900B31891074E00E20929 /* ASIDataCompressor.m */,
				41F900B41891074E00E20929 /* ASIDataDecompressor.h */,
				41F900B51891074E00E20929 /* ASIDataDecompressor.m */,
				41F900B61891074E00E20929 /* ASIDownloadCache.h */,
				41F900B71891074E00E20929 /* ASIDownloadCache.m */,
				41F900B81891074E00E20929 /* ASIFormDataRequest.h */,
				41F900B91891074E00E20929 /* ASIFormDataRequest.m */,
				41F900BA1891074E00E20929 /* ASIHTTPRequest.h */,
				41F900BB1891074E00E20929 /* ASIHTTPRequest.m */,
				41F900BC1891074E00E20929 /* ASIHTTPRequestConfig.h */,
				41F900BD1891074E00E20929 /* ASIHTTPRequestDelegate.h */,
				41F900BE1891074E00E20929 /* ASIInputStream.h */,
				41F900BF1891074E00E20929 /* ASIInputStream.m */,
				41F900C01891074E00E20929 /* ASINetworkQueue.h */,
				41F900C11891074E00E20929 /* ASINetworkQueue.m */,
				41F900C21891074E00E20929 /* ASIProgressDelegate.h */,
			);
			path = ASIHTTPRequest;
			sourceTree = "<group>";
		};
		41F900C51891074E00E20929 /* ClassExtensions */ = {
			isa = PBXGroup;
			children = (
				41F900C81891074E00E20929 /* NSManagedObject+L.h */,
				41F900C91891074E00E20929 /* NSManagedObject+L.m */,
				41F900CA1891074E00E20929 /* NSManagedObjectContext+L.h */,
				41F900CB1891074E00E20929 /* NSManagedObjectContext+L.m */,
			);
			path = ClassExtensions;
			sourceTree = "<group>";
		};
		41F900CC1891074E00E20929 /* LAbstractASICDDataSource */ = {
			isa = PBXGroup;
			children = (
				41F900CD1891074E00E20929 /* LAbstractASICDDataSource.h */,
				41F900CE1891074E00E20929 /* LAbstractASICDDataSource.m */,
				41F900CF1891074E00E20929 /* LCDParserInterface.h */,
			);
			path = LAbstractASICDDataSource;
			sourceTree = "<group>";
		};
		41F900D01891074E00E20929 /* LAbstractCDParser */ = {
			isa = PBXGroup;
			children = (
				41F900D11891074E00E20929 /* LAbstractCDParser.h */,
				41F900D21891074E00E20929 /* LAbstractCDParser.m */,
			);
			path = LAbstractCDParser;
			sourceTree = "<group>";
		};
		41F900D91891074E00E20929 /* LCoreDataController */ = {
			isa = PBXGroup;
			children = (
				41F900DA1891074E00E20929 /* LCoreDataController.h */,
				41F900DB1891074E00E20929 /* LCoreDataController.m */,
			);
			path = LCoreDataController;
			sourceTree = "<group>";
		};
		41F900DC1891074E00E20929 /* MBProgressHUD */ = {
			isa = PBXGroup;
			children = (
				41F900DD1891074E00E20929 /* MBProgressHUD.h */,
				41F900DE1891074E00E20929 /* MBProgressHUD.m */,
			);
			path = MBProgressHUD;
			sourceTree = "<group>";
		};
		41F900DF1891074E00E20929 /* Other */ = {
			isa = PBXGroup;
			children = (
				41F900E01891074E00E20929 /* AppDelegate */,
				41F900E31891074E00E20929 /* Contacts */,
				41F900F11891074E00E20929 /* Home */,
				41F900F81891074E00E20929 /* ManagedObjects */,
			);
			path = Other;
			sourceTree = "<group>";
		};
		41F900E01891074E00E20929 /* AppDelegate */ = {
			isa = PBXGroup;
			children = (
				41F900E11891074E00E20929 /* AppDelegate.h */,
				41F900E21891074E00E20929 /* AppDelegate.m */,
			);
			path = AppDelegate;
			sourceTree = "<group>";
		};
		41F900E31891074E00E20929 /* Contacts */ = {
			isa = PBXGroup;
			children = (
				41F900E41891074E00E20929 /* Controller */,
				41F900EB1891074E00E20929 /* Model */,
				41F900F01891074E00E20929 /* View */,
			);
			path = Contacts;
			sourceTree = "<group>";
		};
		41F900E41891074E00E20929 /* Controller */ = {
			isa = PBXGroup;
			children = (
				41F900E51891074E00E20929 /* ContactDetailsViewController.h */,
				41F900E61891074E00E20929 /* ContactDetailsViewController.m */,
				41F900E71891074E00E20929 /* ContactDetailsViewController.xib */,
				41F900E81891074E00E20929 /* ContactsViewController.h */,
				41F900E91891074E00E20929 /* ContactsViewController.m */,
				41F900EA1891074E00E20929 /* ContactsViewController.xib */,
			);
			path = Controller;
			sourceTree = "<group>";
		};
		41F900EB1891074E00E20929 /* Model */ = {
			isa = PBXGroup;
			children = (
				41F900EC1891074E00E20929 /* ContactsDataSource.h */,
				41F900ED1891074E00E20929 /* ContactsDataSource.m */,
				41F900EE1891074E00E20929 /* ContactsParser.h */,
				41F900EF1891074E00E20929 /* ContactsParser.m */,
			);
			path = Model;
			sourceTree = "<group>";
		};
		41F900F01891074E00E20929 /* View */ = {
			isa = PBXGroup;
			children = (
			);
			path = View;
			sourceTree = "<group>";
		};
		41F900F11891074E00E20929 /* Home */ = {
			isa = PBXGroup;
			children = (
				41F900F21891074E00E20929 /* Controller */,
				41F900F61891074E00E20929 /* Model */,
				41F900F71891074E00E20929 /* View */,
			);
			path = Home;
			sourceTree = "<group>";
		};
		41F900F21891074E00E20929 /* Controller */ = {
			isa = PBXGroup;
			children = (
				41F900F31891074E00E20929 /* HomeViewController.h */,
				41F900F41891074E00E20929 /* HomeViewController.m */,
				41F900F51891074E00E20929 /* HomeViewController.xib */,
			);
			path = Controller;
			sourceTree = "<group>";
		};
		41F900F61891074E00E20929 /* Model */ = {
			isa = PBXGroup;
			children = (
			);
			path = Model;
			sourceTree = "<group>";
		};
		41F900F71891074E00E20929 /* View */ = {
			isa = PBXGroup;
			children = (
			);
			path = View;
			sourceTree = "<group>";
		};
		41F900F81891074E00E20929 /* ManagedObjects */ = {
			isa = PBXGroup;
			children = (
				41F900F91891074E00E20929 /* Contact+CD.h */,
				41F900FA1891074E00E20929 /* Contact+CD.m */,
				41F900FB1891074E00E20929 /* Contact.h */,
				41F900FC1891074E00E20929 /* Contact.m */,
			);
			path = ManagedObjects;
			sourceTree = "<group>";
		};
		41F9FFEE189105B600E20929 = {
			isa = PBXGroup;
			children = (
				41F90002189105B600E20929 /* LCDDataSource */,
				41F9FFF9189105B600E20929 /* Frameworks */,
				41F9FFF8189105B600E20929 /* Products */,
			);
			sourceTree = "<group>";
		};
		41F9FFF8189105B600E20929 /* Products */ = {
			isa = PBXGroup;
			children = (
				41F9FFF7189105B600E20929 /* LCDDataSource.app */,
			);
			name = Products;
			sourceTree = "<group>";
		};
		41F9FFF9189105B600E20929 /* Frameworks */ = {
			isa = PBXGroup;
			children = (
				41F90121189108AA00E20929 /* MobileCoreServices.framework */,
				41F9011F189108A200E20929 /* SystemConfiguration.framework */,
				41F9011D1891089800E20929 /* libz.1.2.5.dylib */,
				41F9FFFA189105B600E20929 /* Foundation.framework */,
				41F9FFFC189105B600E20929 /* CoreGraphics.framework */,
				41F9FFFE189105B600E20929 /* UIKit.framework */,
				41F90000189105B600E20929 /* CoreData.framework */,
				41F90018189105B600E20929 /* XCTest.framework */,
			);
			name = Frameworks;
			sourceTree = "<group>";
		};
/* End PBXGroup section */

/* Begin PBXNativeTarget section */
		41F9FFF6189105B600E20929 /* LCDDataSource */ = {
			isa = PBXNativeTarget;
			buildConfigurationList = 41F90029189105B600E20929 /* Build configuration list for PBXNativeTarget "LCDDataSource" */;
			buildPhases = (
				41F9FFF3189105B600E20929 /* Sources */,
				41F9FFF4189105B600E20929 /* Frameworks */,
				41F9FFF5189105B600E20929 /* Resources */,
			);
			buildRules = (
			);
			dependencies = (
			);
			name = LCDDataSource;
			productName = LCDDataSource;
			productReference = 41F9FFF7189105B600E20929 /* LCDDataSource.app */;
			productType = "com.apple.product-type.application";
		};
/* End PBXNativeTarget section */

/* Begin PBXProject section */
		41F9FFEF189105B600E20929 /* Project object */ = {
			isa = PBXProject;
			attributes = {
				LastUpgradeCheck = 0510;
			};
			buildConfigurationList = 41F9FFF2189105B600E20929 /* Build configuration list for PBXProject "LCDDataSource" */;
			compatibilityVersion = "Xcode 3.2";
			developmentRegion = English;
			hasScannedForEncodings = 0;
			knownRegions = (
				en,
			);
			mainGroup = 41F9FFEE189105B600E20929;
			productRefGroup = 41F9FFF8189105B600E20929 /* Products */;
			projectDirPath = "";
			projectRoot = "";
			targets = (
				41F9FFF6189105B600E20929 /* LCDDataSource */,
			);
		};
/* End PBXProject section */

/* Begin PBXResourcesBuildPhase section */
		41F9FFF5189105B600E20929 /* Resources */ = {
			isa = PBXResourcesBuildPhase;
			buildActionMask = 2147483647;
			files = (
				41F901141891074F00E20929 /* ContactDetailsViewController.xib in Resources */,
				41DCE30B18DB835A00EFFF5C /* Default-568h@2x.png in Resources */,
				41F901161891074F00E20929 /* ContactsViewController.xib in Resources */,
				41F9011A1891074F00E20929 /* HomeViewController.xib in Resources */,
			);
			runOnlyForDeploymentPostprocessing = 0;
		};
/* End PBXResourcesBuildPhase section */

/* Begin PBXSourcesBuildPhase section */
		41F9FFF3189105B600E20929 /* Sources */ = {
			isa = PBXSourcesBuildPhase;
			buildActionMask = 2147483647;
			files = (
				41F901131891074F00E20929 /* ContactDetailsViewController.m in Sources */,
				41F901041891074E00E20929 /* ASIFormDataRequest.m in Sources */,
				412DAF3418E99F0100A31112 /* LReachabilityController.m in Sources */,
				41F901051891074E00E20929 /* ASIHTTPRequest.m in Sources */,
				41F9010D1891074F00E20929 /* LAbstractCDParser.m in Sources */,
				41F9011C1891074F00E20929 /* Contact.m in Sources */,
				41F900FF1891074E00E20929 /* main.m in Sources */,
				41F901001891074E00E20929 /* ASIAuthenticationDialog.m in Sources */,
				41F901151891074F00E20929 /* ContactsViewController.m in Sources */,
				41F901111891074F00E20929 /* MBProgressHUD.m in Sources */,
				41F9011B1891074F00E20929 /* Contact+CD.m in Sources */,
				41F901071891074F00E20929 /* ASINetworkQueue.m in Sources */,
				41F901031891074E00E20929 /* ASIDownloadCache.m in Sources */,
				412DAF2918E99E4A00A31112 /* LAbstractViewController.m in Sources */,
				412DAF2D18E99E7600A31112 /* LAbstractCDViewController.m in Sources */,
				41F901061891074F00E20929 /* ASIInputStream.m in Sources */,
				41F901011891074E00E20929 /* ASIDataCompressor.m in Sources */,
				41F9010B1891074F00E20929 /* NSManagedObjectContext+L.m in Sources */,
				41F901171891074F00E20929 /* ContactsDataSource.m in Sources */,
				41F900FE1891074E00E20929 /* LCDDataSource.xcdatamodeld in Sources */,
				41F901181891074F00E20929 /* ContactsParser.m in Sources */,
				41F901101891074F00E20929 /* LCoreDataController.m in Sources */,
				41F901021891074E00E20929 /* ASIDataDecompressor.m in Sources */,
				412DAF3918E99F3E00A31112 /* Reachability.m in Sources */,
				41F9010C1891074F00E20929 /* LAbstractASICDDataSource.m in Sources */,
				41F9010A1891074F00E20929 /* NSManagedObject+L.m in Sources */,
				41F901121891074F00E20929 /* AppDelegate.m in Sources */,
				41F901191891074F00E20929 /* HomeViewController.m in Sources */,
			);
			runOnlyForDeploymentPostprocessing = 0;
		};
/* End PBXSourcesBuildPhase section */

/* Begin XCBuildConfiguration section */
		41F90027189105B600E20929 /* Debug */ = {
			isa = XCBuildConfiguration;
			buildSettings = {
				ALWAYS_SEARCH_USER_PATHS = NO;
				CLANG_CXX_LANGUAGE_STANDARD = "gnu++0x";
				CLANG_CXX_LIBRARY = "libc++";
				CLANG_ENABLE_MODULES = YES;
				CLANG_ENABLE_OBJC_ARC = YES;
				CLANG_WARN_BOOL_CONVERSION = YES;
				CLANG_WARN_CONSTANT_CONVERSION = YES;
				CLANG_WARN_DIRECT_OBJC_ISA_USAGE = YES_ERROR;
				CLANG_WARN_EMPTY_BODY = YES;
				CLANG_WARN_ENUM_CONVERSION = YES;
				CLANG_WARN_INT_CONVERSION = YES;
				CLANG_WARN_OBJC_ROOT_CLASS = YES_ERROR;
				CLANG_WARN__DUPLICATE_METHOD_MATCH = YES;
				"CODE_SIGN_IDENTITY[sdk=iphoneos*]" = "iPhone Developer";
				COPY_PHASE_STRIP = NO;
				GCC_C_LANGUAGE_STANDARD = gnu99;
				GCC_DYNAMIC_NO_PIC = NO;
				GCC_OPTIMIZATION_LEVEL = 0;
				GCC_PREPROCESSOR_DEFINITIONS = (
					"DEBUG=1",
					"$(inherited)",
				);
				GCC_SYMBOLS_PRIVATE_EXTERN = NO;
				GCC_WARN_64_TO_32_BIT_CONVERSION = YES;
				GCC_WARN_ABOUT_RETURN_TYPE = YES_ERROR;
				GCC_WARN_UNDECLARED_SELECTOR = YES;
				GCC_WARN_UNINITIALIZED_AUTOS = YES;
				GCC_WARN_UNUSED_FUNCTION = YES;
				GCC_WARN_UNUSED_VARIABLE = YES;
				IPHONEOS_DEPLOYMENT_TARGET = 7.0;
				ONLY_ACTIVE_ARCH = YES;
				SDKROOT = iphoneos;
			};
			name = Debug;
		};
		41F90028189105B600E20929 /* Release */ = {
			isa = XCBuildConfiguration;
			buildSettings = {
				ALWAYS_SEARCH_USER_PATHS = NO;
				CLANG_CXX_LANGUAGE_STANDARD = "gnu++0x";
				CLANG_CXX_LIBRARY = "libc++";
				CLANG_ENABLE_MODULES = YES;
				CLANG_ENABLE_OBJC_ARC = YES;
				CLANG_WARN_BOOL_CONVERSION = YES;
				CLANG_WARN_CONSTANT_CONVERSION = YES;
				CLANG_WARN_DIRECT_OBJC_ISA_USAGE = YES_ERROR;
				CLANG_WARN_EMPTY_BODY = YES;
				CLANG_WARN_ENUM_CONVERSION = YES;
				CLANG_WARN_INT_CONVERSION = YES;
				CLANG_WARN_OBJC_ROOT_CLASS = YES_ERROR;
				CLANG_WARN__DUPLICATE_METHOD_MATCH = YES;
				"CODE_SIGN_IDENTITY[sdk=iphoneos*]" = "iPhone Developer";
				COPY_PHASE_STRIP = YES;
				ENABLE_NS_ASSERTIONS = NO;
				GCC_C_LANGUAGE_STANDARD = gnu99;
				GCC_WARN_64_TO_32_BIT_CONVERSION = YES;
				GCC_WARN_ABOUT_RETURN_TYPE = YES_ERROR;
				GCC_WARN_UNDECLARED_SELECTOR = YES;
				GCC_WARN_UNINITIALIZED_AUTOS = YES;
				GCC_WARN_UNUSED_FUNCTION = YES;
				GCC_WARN_UNUSED_VARIABLE = YES;
				IPHONEOS_DEPLOYMENT_TARGET = 7.0;
				SDKROOT = iphoneos;
				VALIDATE_PRODUCT = YES;
			};
			name = Release;
		};
		41F9002A189105B600E20929 /* Debug */ = {
			isa = XCBuildConfiguration;
			buildSettings = {
				ASSETCATALOG_COMPILER_APPICON_NAME = AppIcon;
				ASSETCATALOG_COMPILER_LAUNCHIMAGE_NAME = LaunchImage;
				GCC_PRECOMPILE_PREFIX_HEADER = YES;
				GCC_PREFIX_HEADER = "LCDDataSource/Supporting Files/LCDDataSource-Prefix.pch";
				INFOPLIST_FILE = "LCDDataSource/Supporting Files/LCDDataSource-Info.plist";
				PRODUCT_NAME = "$(TARGET_NAME)";
				WRAPPER_EXTENSION = app;
			};
			name = Debug;
		};
		41F9002B189105B600E20929 /* Release */ = {
			isa = XCBuildConfiguration;
			buildSettings = {
				ASSETCATALOG_COMPILER_APPICON_NAME = AppIcon;
				ASSETCATALOG_COMPILER_LAUNCHIMAGE_NAME = LaunchImage;
				GCC_PRECOMPILE_PREFIX_HEADER = YES;
				GCC_PREFIX_HEADER = "LCDDataSource/Supporting Files/LCDDataSource-Prefix.pch";
				INFOPLIST_FILE = "LCDDataSource/Supporting Files/LCDDataSource-Info.plist";
				PRODUCT_NAME = "$(TARGET_NAME)";
				WRAPPER_EXTENSION = app;
			};
			name = Release;
		};
/* End XCBuildConfiguration section */

/* Begin XCConfigurationList section */
		41F90029189105B600E20929 /* Build configuration list for PBXNativeTarget "LCDDataSource" */ = {
			isa = XCConfigurationList;
			buildConfigurations = (
				41F9002A189105B600E20929 /* Debug */,
				41F9002B189105B600E20929 /* Release */,
			);
			defaultConfigurationIsVisible = 0;
			defaultConfigurationName = Release;
		};
		41F9FFF2189105B600E20929 /* Build configuration list for PBXProject "LCDDataSource" */ = {
			isa = XCConfigurationList;
			buildConfigurations = (
				41F90027189105B600E20929 /* Debug */,
				41F90028189105B600E20929 /* Release */,
			);
			defaultConfigurationIsVisible = 0;
			defaultConfigurationName = Release;
		};
/* End XCConfigurationList section */

/* Begin XCVersionGroup section */
		41F900A91891074E00E20929 /* LCDDataSource.xcdatamodeld */ = {
			isa = XCVersionGroup;
			children = (
				41F900AA1891074E00E20929 /* LCDDataSource.xcdatamodel */,
			);
			currentVersion = 41F900AA1891074E00E20929 /* LCDDataSource.xcdatamodel */;
			path = LCDDataSource.xcdatamodeld;
			sourceTree = "<group>";
			versionGroupType = wrapper.xcdatamodel;
		};
/* End XCVersionGroup section */
	};
	rootObject = 41F9FFEF189105B600E20929 /* Project object */;
}
